
Microsoft Visual Studio Solution File, Format Version 12.00
# Visual Studio 15
Project("{FAE04EC0-301F-11D3-BF4B-00C04F79EFBC}") = "SelectLastCarePackage", "SelectLastCarePackage\SelectLastCarePackage.csproj", "{8AA5E9D7-4A99-4127-B82A-E0139F6CDD84}"
EndProject
Project("{FAE04EC0-301F-11D3-BF4B-00C04F79EFBC}") = "DebugModSubmitAchievement", "DebugModSubmitAchievement\DebugModSubmitAchievement.csproj", "{2E71A578-6A0C-4089-B82C-A330039A6BA6}"
EndProject
Project("{FAE04EC0-301F-11D3-BF4B-00C04F79EFBC}") = "ShowPlanetDetail", "ShowPlanetDetail\ShowPlanetDetail.csproj", "{8A693030-8AC8-42E9-8BB8-875BEE9C2F54}"
EndProject
Project("{FAE04EC0-301F-11D3-BF4B-00C04F79EFBC}") = "BottleEmptierExt", "BottleEmptierExt\BottleEmptierExt.csproj", "{76AC6A87-369D-40FA-B3DA-A0A6D664435F}"
EndProject
Project("{FAE04EC0-301F-11D3-BF4B-00C04F79EFBC}") = "TelescopeAutoResearch", "TelescopeAutoResearch\TelescopeAutoResearch.csproj", "{50E0A0E0-E0A6-4E35-91A2-676AEDC74219}"
EndProject
Project("{FAE04EC0-301F-11D3-BF4B-00C04F79EFBC}") = "RandomOverjoyed", "RandomOverjoyed\RandomOverjoyed.csproj", "{F9095A87-1899-4AF0-9FFE-754E0A6C0385}"
EndProject
Project("{FAE04EC0-301F-11D3-BF4B-00C04F79EFBC}") = "ScheduleShift", "ScheduleShift\ScheduleShift.csproj", "{52BC3037-9598-4F85-BBFA-93185EFA1E28}"
EndProject
Project("{FAE04EC0-301F-11D3-BF4B-00C04F79EFBC}") = "LogicCritterCountSensorExt", "LogicCritterCountSensorExt\LogicCritterCountSensorExt.csproj", "{75CDF39B-A2AC-41B0-A94B-226113961988}"
EndProject
Project("{FAE04EC0-301F-11D3-BF4B-00C04F79EFBC}") = "ClassLibrary8", "ClassLibrary8\ClassLibrary8.csproj", "{7CFDDFF6-5D53-469D-B30A-CF639A5D5CA5}"
EndProject
Project("{FAE04EC0-301F-11D3-BF4B-00C04F79EFBC}") = "Commons", "Commons\Commons.csproj", "{5D45BE6C-B00B-497D-955B-67998974B712}"
EndProject
Project("{FAE04EC0-301F-11D3-BF4B-00C04F79EFBC}") = "ClassLibrary5", "ClassLibrary5\ClassLibrary5.csproj", "{8C0D6FC9-9A03-456D-A2F9-20B726DA3757}"
EndProject
Project("{FAE04EC0-301F-11D3-BF4B-00C04F79EFBC}") = "Nothing", "Nothing\Nothing.csproj", "{BDAEE62E-8522-46A4-A33C-CEBFE9947AC6}"
EndProject
Project("{FAE04EC0-301F-11D3-BF4B-00C04F79EFBC}") = "GenericFabricator", "GenericFabricator\GenericFabricator.csproj", "{5B8C5B7E-E57D-42BA-AA5E-65468D724576}"
EndProject
Project("{FAE04EC0-301F-11D3-BF4B-00C04F79EFBC}") = "RefinementPlus", "RefinementPlus\RefinementPlus.csproj", "{1A21124C-1FB1-4257-B4B5-CF35146605E5}"
EndProject
Project("{FAE04EC0-301F-11D3-BF4B-00C04F79EFBC}") = "AutomaticHarvest", "AutomaticHarvest\AutomaticHarvest.csproj", "{43B28AD3-2C82-4B12-BB48-A859EC5783D4}"
EndProject
Global
	GlobalSection(SolutionConfigurationPlatforms) = preSolution
		Debug|Any CPU = Debug|Any CPU
		Release|Any CPU = Release|Any CPU
	EndGlobalSection
	GlobalSection(ProjectConfigurationPlatforms) = postSolution
		{8AA5E9D7-4A99-4127-B82A-E0139F6CDD84}.Debug|Any CPU.ActiveCfg = Debug|Any CPU
		{8AA5E9D7-4A99-4127-B82A-E0139F6CDD84}.Debug|Any CPU.Build.0 = Debug|Any CPU
		{8AA5E9D7-4A99-4127-B82A-E0139F6CDD84}.Release|Any CPU.ActiveCfg = Release|Any CPU
		{8AA5E9D7-4A99-4127-B82A-E0139F6CDD84}.Release|Any CPU.Build.0 = Release|Any CPU
		{2E71A578-6A0C-4089-B82C-A330039A6BA6}.Debug|Any CPU.ActiveCfg = Debug|Any CPU
		{2E71A578-6A0C-4089-B82C-A330039A6BA6}.Debug|Any CPU.Build.0 = Debug|Any CPU
		{2E71A578-6A0C-4089-B82C-A330039A6BA6}.Release|Any CPU.ActiveCfg = Release|Any CPU
		{2E71A578-6A0C-4089-B82C-A330039A6BA6}.Release|Any CPU.Build.0 = Release|Any CPU
		{8A693030-8AC8-42E9-8BB8-875BEE9C2F54}.Debug|Any CPU.ActiveCfg = Debug|Any CPU
		{8A693030-8AC8-42E9-8BB8-875BEE9C2F54}.Debug|Any CPU.Build.0 = Debug|Any CPU
		{8A693030-8AC8-42E9-8BB8-875BEE9C2F54}.Release|Any CPU.ActiveCfg = Release|Any CPU
		{8A693030-8AC8-42E9-8BB8-875BEE9C2F54}.Release|Any CPU.Build.0 = Release|Any CPU
		{76AC6A87-369D-40FA-B3DA-A0A6D664435F}.Debug|Any CPU.ActiveCfg = Debug|Any CPU
		{76AC6A87-369D-40FA-B3DA-A0A6D664435F}.Debug|Any CPU.Build.0 = Debug|Any CPU
		{76AC6A87-369D-40FA-B3DA-A0A6D664435F}.Release|Any CPU.ActiveCfg = Release|Any CPU
		{76AC6A87-369D-40FA-B3DA-A0A6D664435F}.Release|Any CPU.Build.0 = Release|Any CPU
		{50E0A0E0-E0A6-4E35-91A2-676AEDC74219}.Debug|Any CPU.ActiveCfg = Debug|Any CPU
		{50E0A0E0-E0A6-4E35-91A2-676AEDC74219}.Debug|Any CPU.Build.0 = Debug|Any CPU
		{50E0A0E0-E0A6-4E35-91A2-676AEDC74219}.Release|Any CPU.ActiveCfg = Release|Any CPU
		{50E0A0E0-E0A6-4E35-91A2-676AEDC74219}.Release|Any CPU.Build.0 = Release|Any CPU
		{F9095A87-1899-4AF0-9FFE-754E0A6C0385}.Debug|Any CPU.ActiveCfg = Debug|Any CPU
		{F9095A87-1899-4AF0-9FFE-754E0A6C0385}.Debug|Any CPU.Build.0 = Debug|Any CPU
		{F9095A87-1899-4AF0-9FFE-754E0A6C0385}.Release|Any CPU.ActiveCfg = Release|Any CPU
		{F9095A87-1899-4AF0-9FFE-754E0A6C0385}.Release|Any CPU.Build.0 = Release|Any CPU
		{52BC3037-9598-4F85-BBFA-93185EFA1E28}.Debug|Any CPU.ActiveCfg = Debug|Any CPU
		{52BC3037-9598-4F85-BBFA-93185EFA1E28}.Debug|Any CPU.Build.0 = Debug|Any CPU
		{52BC3037-9598-4F85-BBFA-93185EFA1E28}.Release|Any CPU.ActiveCfg = Release|Any CPU
		{52BC3037-9598-4F85-BBFA-93185EFA1E28}.Release|Any CPU.Build.0 = Release|Any CPU
		{75CDF39B-A2AC-41B0-A94B-226113961988}.Debug|Any CPU.ActiveCfg = Debug|Any CPU
		{75CDF39B-A2AC-41B0-A94B-226113961988}.Debug|Any CPU.Build.0 = Debug|Any CPU
		{75CDF39B-A2AC-41B0-A94B-226113961988}.Release|Any CPU.ActiveCfg = Release|Any CPU
		{75CDF39B-A2AC-41B0-A94B-226113961988}.Release|Any CPU.Build.0 = Release|Any CPU
		{7CFDDFF6-5D53-469D-B30A-CF639A5D5CA5}.Debug|Any CPU.ActiveCfg = Debug|Any CPU
		{7CFDDFF6-5D53-469D-B30A-CF639A5D5CA5}.Debug|Any CPU.Build.0 = Debug|Any CPU
		{7CFDDFF6-5D53-469D-B30A-CF639A5D5CA5}.Release|Any CPU.ActiveCfg = Release|Any CPU
		{7CFDDFF6-5D53-469D-B30A-CF639A5D5CA5}.Release|Any CPU.Build.0 = Release|Any CPU
		{5D45BE6C-B00B-497D-955B-67998974B712}.Debug|Any CPU.ActiveCfg = Debug|Any CPU
		{5D45BE6C-B00B-497D-955B-67998974B712}.Debug|Any CPU.Build.0 = Debug|Any CPU
		{5D45BE6C-B00B-497D-955B-67998974B712}.Release|Any CPU.ActiveCfg = Release|Any CPU
		{5D45BE6C-B00B-497D-955B-67998974B712}.Release|Any CPU.Build.0 = Release|Any CPU
		{8C0D6FC9-9A03-456D-A2F9-20B726DA3757}.Debug|Any CPU.ActiveCfg = Debug|Any CPU
		{8C0D6FC9-9A03-456D-A2F9-20B726DA3757}.Debug|Any CPU.Build.0 = Debug|Any CPU
		{8C0D6FC9-9A03-456D-A2F9-20B726DA3757}.Release|Any CPU.ActiveCfg = Release|Any CPU
		{8C0D6FC9-9A03-456D-A2F9-20B726DA3757}.Release|Any CPU.Build.0 = Release|Any CPU
		{BDAEE62E-8522-46A4-A33C-CEBFE9947AC6}.Debug|Any CPU.ActiveCfg = Debug|Any CPU
		{BDAEE62E-8522-46A4-A33C-CEBFE9947AC6}.Debug|Any CPU.Build.0 = Debug|Any CPU
		{BDAEE62E-8522-46A4-A33C-CEBFE9947AC6}.Release|Any CPU.ActiveCfg = Release|Any CPU
		{BDAEE62E-8522-46A4-A33C-CEBFE9947AC6}.Release|Any CPU.Build.0 = Release|Any CPU
		{5B8C5B7E-E57D-42BA-AA5E-65468D724576}.Debug|Any CPU.ActiveCfg = Debug|Any CPU
		{5B8C5B7E-E57D-42BA-AA5E-65468D724576}.Debug|Any CPU.Build.0 = Debug|Any CPU
		{5B8C5B7E-E57D-42BA-AA5E-65468D724576}.Release|Any CPU.ActiveCfg = Release|Any CPU
		{5B8C5B7E-E57D-42BA-AA5E-65468D724576}.Release|Any CPU.Build.0 = Release|Any CPU
		{1A21124C-1FB1-4257-B4B5-CF35146605E5}.Debug|Any CPU.ActiveCfg = Debug|Any CPU
		{1A21124C-1FB1-4257-B4B5-CF35146605E5}.Debug|Any CPU.Build.0 = Debug|Any CPU
		{1A21124C-1FB1-4257-B4B5-CF35146605E5}.Release|Any CPU.ActiveCfg = Release|Any CPU
		{1A21124C-1FB1-4257-B4B5-CF35146605E5}.Release|Any CPU.Build.0 = Release|Any CPU
		{43B28AD3-2C82-4B12-BB48-A859EC5783D4}.Debug|Any CPU.ActiveCfg = Debug|Any CPU
		{43B28AD3-2C82-4B12-BB48-A859EC5783D4}.Debug|Any CPU.Build.0 = Debug|Any CPU
		{43B28AD3-2C82-4B12-BB48-A859EC5783D4}.Release|Any CPU.ActiveCfg = Release|Any CPU
		{43B28AD3-2C82-4B12-BB48-A859EC5783D4}.Release|Any CPU.Build.0 = Release|Any CPU
	EndGlobalSection
EndGlobal
